// !$*UTF8*$!
{
	archiveVersion = 1;
	classes = {
	};
	objectVersion = 77;
	objects = {

/* Begin PBXBuildFile section */
		09643E533C6B5239D1486ED1 /* VoiceEnrollmentView.swift in Sources */ = {isa = PBXBuildFile; fileRef = 900C6E0BA6DE932F4AF9F086 /* VoiceEnrollmentView.swift */; };
		0FAE1BADB6DD3097BE0CE9FA /* StreamingViewModel.swift in Sources */ = {isa = PBXBuildFile; fileRef = B5886E5F151902131B1C214D /* StreamingViewModel.swift */; };
		1F9CE56357F6520B8C9A3C3A /* AudioPlayer.swift in Sources */ = {isa = PBXBuildFile; fileRef = D4FD7C7680847FDA53221FF1 /* AudioPlayer.swift */; };
		2510B64B3DB18F0CC24D7174 /* GemmaVoiceWidgets.appex in Embed Foundation Extensions */ = {isa = PBXBuildFile; fileRef = 459DFF39F43E10B8033E48FA /* GemmaVoiceWidgets.appex */; settings = {ATTRIBUTES = (CodeSignOnCopy, RemoveHeadersOnCopy, ); }; };
		269453F879A2BD7EECE5774D /* Assets.xcassets in Resources */ = {isa = PBXBuildFile; fileRef = 161B6A8D1B9F353B4DBEFA99 /* Assets.xcassets */; };
		28E59ABE6DFB294C1EC2324D /* VoiceEnrollClient.swift in Sources */ = {isa = PBXBuildFile; fileRef = 9D4BBDA96F7C5F4C8F7B1F1A /* VoiceEnrollClient.swift */; };
		2EAD18E84643F22940A548D8 /* Changelog.swift in Sources */ = {isa = PBXBuildFile; fileRef = E2FFFCB18AF2902CE7DD39FB /* Changelog.swift */; };
		3F06632F0672B53B15C1588F /* Agent.swift in Sources */ = {isa = PBXBuildFile; fileRef = 1D3051CF4F948D7AF5DB541F /* Agent.swift */; };
		4454328DB8B78B9CB6C62396 /* GemmaVoiceLiveActivity.swift in Sources */ = {isa = PBXBuildFile; fileRef = A57ED71D5A6411BDF3D73C5C /* GemmaVoiceLiveActivity.swift */; };
		44A6E9C8A603D472F8E1745A /* ServerConfig.swift in Sources */ = {isa = PBXBuildFile; fileRef = 2E522D5F3762D3C6845764C2 /* ServerConfig.swift */; };
		4CD2F32CD51A0ED3C2E62066 /* LiveActivityAttributes.swift in Sources */ = {isa = PBXBuildFile; fileRef = 817BAD4EC8A33CC5333DEFFF /* LiveActivityAttributes.swift */; };
		4E9D736F4595A170AB456FBF /* TalkToGemmaIntent.swift in Sources */ = {isa = PBXBuildFile; fileRef = D5700BA15F1DD06242104A41 /* TalkToGemmaIntent.swift */; };
		4EFA05BDBF9FBEBBA99E009D /* Assets.xcassets in Resources */ = {isa = PBXBuildFile; fileRef = 0EEB15BAD7C61FB0A6400CC8 /* Assets.xcassets */; };
		5450EBAEE3F002364577D99C /* TurnCardView.swift in Sources */ = {isa = PBXBuildFile; fileRef = AEC00FA2E266E16D066BE509 /* TurnCardView.swift */; };
		61FF0FB62CB37DCFBB3725B3 /* TextTurnClient.swift in Sources */ = {isa = PBXBuildFile; fileRef = B37F3B1399C2FF8241D8EE53 /* TextTurnClient.swift */; };
		6619B870724825B2BE6E06D2 /* OnDeviceSTT.swift in Sources */ = {isa = PBXBuildFile; fileRef = 65084D5F1C669037DFC39BB8 /* OnDeviceSTT.swift */; };
		77476F08A8DD63FD10F0B5D9 /* LedgerTurn.swift in Sources */ = {isa = PBXBuildFile; fileRef = 42A38662174A707C86C34430 /* LedgerTurn.swift */; };
		7780E917775B1C3E34F37FC9 /* AudioRecorder.swift in Sources */ = {isa = PBXBuildFile; fileRef = EE3447742665AA1F8518F0E5 /* AudioRecorder.swift */; };
		78C912E5646CD8EB9EA2981F /* VoiceAuthSecret.swift in Sources */ = {isa = PBXBuildFile; fileRef = 433C994C01D5D47EFA5F99FC /* VoiceAuthSecret.swift */; };
		89C8CBA8336B350AB6711AE7 /* PendingTurnStore.swift in Sources */ = {isa = PBXBuildFile; fileRef = C3DF8B561A3B27998CF1E0FB /* PendingTurnStore.swift */; };
		8B31CF5E9C43868068B4F17E /* OnDeviceConversationSession.swift in Sources */ = {isa = PBXBuildFile; fileRef = 58C0170FF31B87119E0BF6F9 /* OnDeviceConversationSession.swift */; };
		907B993DE19F14DCB2C24206 /* GemmaVoiceApp.swift in Sources */ = {isa = PBXBuildFile; fileRef = D76531DC826ED3D1FF16910B /* GemmaVoiceApp.swift */; };
		928E41E534985983C54F5B6B /* GemmaVoiceHomeWidget.swift in Sources */ = {isa = PBXBuildFile; fileRef = 806D2DB74D028ADCE1420F2D /* GemmaVoiceHomeWidget.swift */; };
		9295BE1D0CBC106F079C7CB3 /* APIClient.swift in Sources */ = {isa = PBXBuildFile; fileRef = 1C6EEA7752462D4D77D81949 /* APIClient.swift */; };
		97B664A0E52C03D886A2C072 /* MuteSelfTest.swift in Sources */ = {isa = PBXBuildFile; fileRef = 0060A6D021323561FFBBE0A6 /* MuteSelfTest.swift */; };
		9D799BBE36E435F0DA767178 /* EarbackTone.swift in Sources */ = {isa = PBXBuildFile; fileRef = 0478F1B10235AA78A91BB431 /* EarbackTone.swift */; };
		9F5D5B4CBE1CF15C8E815F26 /* ContentView.swift in Sources */ = {isa = PBXBuildFile; fileRef = F32BCD10426226671D4307EC /* ContentView.swift */; };
		9FB87E78A770C323525A3791 /* LiveActivityController.swift in Sources */ = {isa = PBXBuildFile; fileRef = 792411C73D8340A3122B4CBD /* LiveActivityController.swift */; };
		A28361FA8A4A85424F567949 /* SpeakerSelfTest.swift in Sources */ = {isa = PBXBuildFile; fileRef = 002379C26C7C5A9EEBBBE77E /* SpeakerSelfTest.swift */; };
		B93B97F7721D991AB90B0507 /* VoiceAuthSetupView.swift in Sources */ = {isa = PBXBuildFile; fileRef = B015275E89C8C9573430EFFC /* VoiceAuthSetupView.swift */; };
		C19AF2182638FD7DE842A2DA /* ServerConfig.swift in Sources */ = {isa = PBXBuildFile; fileRef = 2E522D5F3762D3C6845764C2 /* ServerConfig.swift */; };
		C35CD8B40BA1A403806242BD /* GemmaVoiceWatchApp.swift in Sources */ = {isa = PBXBuildFile; fileRef = DC1D0264DA93B2E2AD5E201C /* GemmaVoiceWatchApp.swift */; };
		CD71851F1C4E9AF485D0CEBF /* StreamingSession.swift in Sources */ = {isa = PBXBuildFile; fileRef = D742BFD46C012F4D7DAA6DB0 /* StreamingSession.swift */; };
		D15036A95171665D0E3914E1 /* WatchBridge.swift in Sources */ = {isa = PBXBuildFile; fileRef = 96770E5AAD35DE9C6B709A1F /* WatchBridge.swift */; };
		D9890576BB70C610741C9CCD /* TranscriptPostProcessor.swift in Sources */ = {isa = PBXBuildFile; fileRef = 917687C6344D613AAF20EC9E /* TranscriptPostProcessor.swift */; };
		DE69138449588901BE8F516B /* SettingsView.swift in Sources */ = {isa = PBXBuildFile; fileRef = 5C01C90D094D9379036D50D5 /* SettingsView.swift */; };
		EE275C7947985C52B4CD46BB /* ViewModel.swift in Sources */ = {isa = PBXBuildFile; fileRef = 9CD6FF746303C5E6A90C5085 /* ViewModel.swift */; };
		F5A8421F824DD9A7DEE7A979 /* WatchContentView.swift in Sources */ = {isa = PBXBuildFile; fileRef = EA21D6337604B2717E05760C /* WatchContentView.swift */; };
		FA09DA239A4E1CEBF8CE918A /* GemmaVoiceWatch.app in Embed Watch Content */ = {isa = PBXBuildFile; fileRef = F25A001141242FB0C17544B8 /* GemmaVoiceWatch.app */; settings = {ATTRIBUTES = (CodeSignOnCopy, RemoveHeadersOnCopy, ); }; };
		FBCD1AF2A6AC772DF3478310 /* LiveActivityAttributes.swift in Sources */ = {isa = PBXBuildFile; fileRef = 817BAD4EC8A33CC5333DEFFF /* LiveActivityAttributes.swift */; };
		FD0C8BE63EAC45BB4F97D5BF /* WatchTranscriptModel.swift in Sources */ = {isa = PBXBuildFile; fileRef = E143184A5F68933C6867F522 /* WatchTranscriptModel.swift */; };
		FF52A95141050C0FFD6F1807 /* GemmaVoiceWidgetsBundle.swift in Sources */ = {isa = PBXBuildFile; fileRef = BB9939742B7E0E11699FD6EA /* GemmaVoiceWidgetsBundle.swift */; };
/* End PBXBuildFile section */

/* Begin PBXContainerItemProxy section */
		0C425769742B2C30668F5977 /* PBXContainerItemProxy */ = {
			isa = PBXContainerItemProxy;
			containerPortal = EFABA9F04325B6F927BD5C02 /* Project object */;
			proxyType = 1;
			remoteGlobalIDString = 5AA9CC359DE89F301BBE247C;
			remoteInfo = GemmaVoiceWidgets;
		};
		8006B6BAE943A26C1B06E2D4 /* PBXContainerItemProxy */ = {
			isa = PBXContainerItemProxy;
			containerPortal = EFABA9F04325B6F927BD5C02 /* Project object */;
			proxyType = 1;
			remoteGlobalIDString = 7F5DEEF8BEC53150C4373C97;
			remoteInfo = GemmaVoiceWatch;
		};
/* End PBXContainerItemProxy section */

/* Begin PBXCopyFilesBuildPhase section */
		D1904BE7D6B5512A7F5CC7BF /* Embed Watch Content */ = {
			isa = PBXCopyFilesBuildPhase;
			buildActionMask = 2147483647;
			dstPath = "$(CONTENTS_FOLDER_PATH)/Watch";
			dstSubfolderSpec = 16;
			files = (
				FA09DA239A4E1CEBF8CE918A /* GemmaVoiceWatch.app in Embed Watch Content */,
			);
			name = "Embed Watch Content";
			runOnlyForDeploymentPostprocessing = 0;
		};
		F527BCCEA2ACE835D5DF1B00 /* Embed Foundation Extensions */ = {
			isa = PBXCopyFilesBuildPhase;
			buildActionMask = 2147483647;
			dstPath = "";
			dstSubfolderSpec = 13;
			files = (
				2510B64B3DB18F0CC24D7174 /* GemmaVoiceWidgets.appex in Embed Foundation Extensions */,
			);
			name = "Embed Foundation Extensions";
			runOnlyForDeploymentPostprocessing = 0;
		};
/* End PBXCopyFilesBuildPhase section */

/* Begin PBXFileReference section */
		002379C26C7C5A9EEBBBE77E /* SpeakerSelfTest.swift */ = {isa = PBXFileReference; lastKnownFileType = sourcecode.swift; path = SpeakerSelfTest.swift; sourceTree = "<group>"; };
		0060A6D021323561FFBBE0A6 /* MuteSelfTest.swift */ = {isa = PBXFileReference; lastKnownFileType = sourcecode.swift; path = MuteSelfTest.swift; sourceTree = "<group>"; };
		0478F1B10235AA78A91BB431 /* EarbackTone.swift */ = {isa = PBXFileReference; lastKnownFileType = sourcecode.swift; path = EarbackTone.swift; sourceTree = "<group>"; };
		0EEB15BAD7C61FB0A6400CC8 /* Assets.xcassets */ = {isa = PBXFileReference; lastKnownFileType = folder.assetcatalog; path = Assets.xcassets; sourceTree = "<group>"; };
		161B6A8D1B9F353B4DBEFA99 /* Assets.xcassets */ = {isa = PBXFileReference; lastKnownFileType = folder.assetcatalog; path = Assets.xcassets; sourceTree = "<group>"; };
		1C6EEA7752462D4D77D81949 /* APIClient.swift */ = {isa = PBXFileReference; lastKnownFileType = sourcecode.swift; path = APIClient.swift; sourceTree = "<group>"; };
		1D3051CF4F948D7AF5DB541F /* Agent.swift */ = {isa = PBXFileReference; lastKnownFileType = sourcecode.swift; path = Agent.swift; sourceTree = "<group>"; };
		2E522D5F3762D3C6845764C2 /* ServerConfig.swift */ = {isa = PBXFileReference; lastKnownFileType = sourcecode.swift; path = ServerConfig.swift; sourceTree = "<group>"; };
		42A38662174A707C86C34430 /* LedgerTurn.swift */ = {isa = PBXFileReference; lastKnownFileType = sourcecode.swift; path = LedgerTurn.swift; sourceTree = "<group>"; };
		433C994C01D5D47EFA5F99FC /* VoiceAuthSecret.swift */ = {isa = PBXFileReference; lastKnownFileType = sourcecode.swift; path = VoiceAuthSecret.swift; sourceTree = "<group>"; };
		459DFF39F43E10B8033E48FA /* GemmaVoiceWidgets.appex */ = {isa = PBXFileReference; includeInIndex = 0; lastKnownFileType = "wrapper.app-extension"; path = GemmaVoiceWidgets.appex; sourceTree = BUILT_PRODUCTS_DIR; };
		58C0170FF31B87119E0BF6F9 /* OnDeviceConversationSession.swift */ = {isa = PBXFileReference; lastKnownFileType = sourcecode.swift; path = OnDeviceConversationSession.swift; sourceTree = "<group>"; };
		5C01C90D094D9379036D50D5 /* SettingsView.swift */ = {isa = PBXFileReference; lastKnownFileType = sourcecode.swift; path = SettingsView.swift; sourceTree = "<group>"; };
		65084D5F1C669037DFC39BB8 /* OnDeviceSTT.swift */ = {isa = PBXFileReference; lastKnownFileType = sourcecode.swift; path = OnDeviceSTT.swift; sourceTree = "<group>"; };
		792411C73D8340A3122B4CBD /* LiveActivityController.swift */ = {isa = PBXFileReference; lastKnownFileType = sourcecode.swift; path = LiveActivityController.swift; sourceTree = "<group>"; };
		806D2DB74D028ADCE1420F2D /* GemmaVoiceHomeWidget.swift */ = {isa = PBXFileReference; lastKnownFileType = sourcecode.swift; path = GemmaVoiceHomeWidget.swift; sourceTree = "<group>"; };
		817BAD4EC8A33CC5333DEFFF /* LiveActivityAttributes.swift */ = {isa = PBXFileReference; lastKnownFileType = sourcecode.swift; path = LiveActivityAttributes.swift; sourceTree = "<group>"; };
		900C6E0BA6DE932F4AF9F086 /* VoiceEnrollmentView.swift */ = {isa = PBXFileReference; lastKnownFileType = sourcecode.swift; path = VoiceEnrollmentView.swift; sourceTree = "<group>"; };
		917687C6344D613AAF20EC9E /* TranscriptPostProcessor.swift */ = {isa = PBXFileReference; lastKnownFileType = sourcecode.swift; path = TranscriptPostProcessor.swift; sourceTree = "<group>"; };
		96770E5AAD35DE9C6B709A1F /* WatchBridge.swift */ = {isa = PBXFileReference; lastKnownFileType = sourcecode.swift; path = WatchBridge.swift; sourceTree = "<group>"; };
		9CD6FF746303C5E6A90C5085 /* ViewModel.swift */ = {isa = PBXFileReference; lastKnownFileType = sourcecode.swift; path = ViewModel.swift; sourceTree = "<group>"; };
		9D4BBDA96F7C5F4C8F7B1F1A /* VoiceEnrollClient.swift */ = {isa = PBXFileReference; lastKnownFileType = sourcecode.swift; path = VoiceEnrollClient.swift; sourceTree = "<group>"; };
		A57ED71D5A6411BDF3D73C5C /* GemmaVoiceLiveActivity.swift */ = {isa = PBXFileReference; lastKnownFileType = sourcecode.swift; path = GemmaVoiceLiveActivity.swift; sourceTree = "<group>"; };
		AEC00FA2E266E16D066BE509 /* TurnCardView.swift */ = {isa = PBXFileReference; lastKnownFileType = sourcecode.swift; path = TurnCardView.swift; sourceTree = "<group>"; };
		B015275E89C8C9573430EFFC /* VoiceAuthSetupView.swift */ = {isa = PBXFileReference; lastKnownFileType = sourcecode.swift; path = VoiceAuthSetupView.swift; sourceTree = "<group>"; };
		B37F3B1399C2FF8241D8EE53 /* TextTurnClient.swift */ = {isa = PBXFileReference; lastKnownFileType = sourcecode.swift; path = TextTurnClient.swift; sourceTree = "<group>"; };
		B5886E5F151902131B1C214D /* StreamingViewModel.swift */ = {isa = PBXFileReference; lastKnownFileType = sourcecode.swift; path = StreamingViewModel.swift; sourceTree = "<group>"; };
		BB9939742B7E0E11699FD6EA /* GemmaVoiceWidgetsBundle.swift */ = {isa = PBXFileReference; lastKnownFileType = sourcecode.swift; path = GemmaVoiceWidgetsBundle.swift; sourceTree = "<group>"; };
		C3DF8B561A3B27998CF1E0FB /* PendingTurnStore.swift */ = {isa = PBXFileReference; lastKnownFileType = sourcecode.swift; path = PendingTurnStore.swift; sourceTree = "<group>"; };
		D4FD7C7680847FDA53221FF1 /* AudioPlayer.swift */ = {isa = PBXFileReference; lastKnownFileType = sourcecode.swift; path = AudioPlayer.swift; sourceTree = "<group>"; };
		D5700BA15F1DD06242104A41 /* TalkToGemmaIntent.swift */ = {isa = PBXFileReference; lastKnownFileType = sourcecode.swift; path = TalkToGemmaIntent.swift; sourceTree = "<group>"; };
		D742BFD46C012F4D7DAA6DB0 /* StreamingSession.swift */ = {isa = PBXFileReference; lastKnownFileType = sourcecode.swift; path = StreamingSession.swift; sourceTree = "<group>"; };
		D76531DC826ED3D1FF16910B /* GemmaVoiceApp.swift */ = {isa = PBXFileReference; lastKnownFileType = sourcecode.swift; path = GemmaVoiceApp.swift; sourceTree = "<group>"; };
		DC1D0264DA93B2E2AD5E201C /* GemmaVoiceWatchApp.swift */ = {isa = PBXFileReference; lastKnownFileType = sourcecode.swift; path = GemmaVoiceWatchApp.swift; sourceTree = "<group>"; };
		E143184A5F68933C6867F522 /* WatchTranscriptModel.swift */ = {isa = PBXFileReference; lastKnownFileType = sourcecode.swift; path = WatchTranscriptModel.swift; sourceTree = "<group>"; };
		E2FFFCB18AF2902CE7DD39FB /* Changelog.swift */ = {isa = PBXFileReference; lastKnownFileType = sourcecode.swift; path = Changelog.swift; sourceTree = "<group>"; };
		EA21D6337604B2717E05760C /* WatchContentView.swift */ = {isa = PBXFileReference; lastKnownFileType = sourcecode.swift; path = WatchContentView.swift; sourceTree = "<group>"; };
		EE3447742665AA1F8518F0E5 /* AudioRecorder.swift */ = {isa = PBXFileReference; lastKnownFileType = sourcecode.swift; path = AudioRecorder.swift; sourceTree = "<group>"; };
		F25A001141242FB0C17544B8 /* GemmaVoiceWatch.app */ = {isa = PBXFileReference; explicitFileType = wrapper.application; includeInIndex = 0; path = GemmaVoiceWatch.app; sourceTree = BUILT_PRODUCTS_DIR; };
		F32BCD10426226671D4307EC /* ContentView.swift */ = {isa = PBXFileReference; lastKnownFileType = sourcecode.swift; path = ContentView.swift; sourceTree = "<group>"; };
		F707268D485775D2009EB7CA /* GemmaVoice.app */ = {isa = PBXFileReference; includeInIndex = 0; lastKnownFileType = wrapper.application; path = GemmaVoice.app; sourceTree = BUILT_PRODUCTS_DIR; };
/* End PBXFileReference section */

/* Begin PBXGroup section */
		2DB226F91B19526889555A02 /* Products */ = {
			isa = PBXGroup;
			children = (
				F707268D485775D2009EB7CA /* GemmaVoice.app */,
				F25A001141242FB0C17544B8 /* GemmaVoiceWatch.app */,
				459DFF39F43E10B8033E48FA /* GemmaVoiceWidgets.appex */,
			);
			name = Products;
			sourceTree = "<group>";
		};
		563D49CE3D010E2BB9D5175D /* WatchResources */ = {
			isa = PBXGroup;
			children = (
				161B6A8D1B9F353B4DBEFA99 /* Assets.xcassets */,
			);
			path = WatchResources;
			sourceTree = "<group>";
		};
		5C77778F374F2AB014CC86A6 /* Resources */ = {
			isa = PBXGroup;
			children = (
				0EEB15BAD7C61FB0A6400CC8 /* Assets.xcassets */,
			);
			path = Resources;
			sourceTree = "<group>";
		};
		5DB78BAF8C0E10CEE5DAC5EF /* Shared */ = {
			isa = PBXGroup;
			children = (
				817BAD4EC8A33CC5333DEFFF /* LiveActivityAttributes.swift */,
				2E522D5F3762D3C6845764C2 /* ServerConfig.swift */,
			);
			path = Shared;
			sourceTree = "<group>";
		};
		9CAA0068430696C21055EFA4 /* WatchSources */ = {
			isa = PBXGroup;
			children = (
				DC1D0264DA93B2E2AD5E201C /* GemmaVoiceWatchApp.swift */,
				EA21D6337604B2717E05760C /* WatchContentView.swift */,
				E143184A5F68933C6867F522 /* WatchTranscriptModel.swift */,
			);
			path = WatchSources;
			sourceTree = "<group>";
		};
		9EF8CD36A4289E750F204949 /* Sources */ = {
			isa = PBXGroup;
			children = (
				1D3051CF4F948D7AF5DB541F /* Agent.swift */,
				1C6EEA7752462D4D77D81949 /* APIClient.swift */,
				D4FD7C7680847FDA53221FF1 /* AudioPlayer.swift */,
				EE3447742665AA1F8518F0E5 /* AudioRecorder.swift */,
				E2FFFCB18AF2902CE7DD39FB /* Changelog.swift */,
				F32BCD10426226671D4307EC /* ContentView.swift */,
				0478F1B10235AA78A91BB431 /* EarbackTone.swift */,
				D76531DC826ED3D1FF16910B /* GemmaVoiceApp.swift */,
				42A38662174A707C86C34430 /* LedgerTurn.swift */,
				792411C73D8340A3122B4CBD /* LiveActivityController.swift */,
				0060A6D021323561FFBBE0A6 /* MuteSelfTest.swift */,
				58C0170FF31B87119E0BF6F9 /* OnDeviceConversationSession.swift */,
				65084D5F1C669037DFC39BB8 /* OnDeviceSTT.swift */,
				C3DF8B561A3B27998CF1E0FB /* PendingTurnStore.swift */,
				5C01C90D094D9379036D50D5 /* SettingsView.swift */,
				002379C26C7C5A9EEBBBE77E /* SpeakerSelfTest.swift */,
				D742BFD46C012F4D7DAA6DB0 /* StreamingSession.swift */,
				B5886E5F151902131B1C214D /* StreamingViewModel.swift */,
				D5700BA15F1DD06242104A41 /* TalkToGemmaIntent.swift */,
				B37F3B1399C2FF8241D8EE53 /* TextTurnClient.swift */,
				917687C6344D613AAF20EC9E /* TranscriptPostProcessor.swift */,
				AEC00FA2E266E16D066BE509 /* TurnCardView.swift */,
				9CD6FF746303C5E6A90C5085 /* ViewModel.swift */,
				433C994C01D5D47EFA5F99FC /* VoiceAuthSecret.swift */,
				B015275E89C8C9573430EFFC /* VoiceAuthSetupView.swift */,
				9D4BBDA96F7C5F4C8F7B1F1A /* VoiceEnrollClient.swift */,
				900C6E0BA6DE932F4AF9F086 /* VoiceEnrollmentView.swift */,
				96770E5AAD35DE9C6B709A1F /* WatchBridge.swift */,
			);
			path = Sources;
			sourceTree = "<group>";
		};
		DA048AB430A422FCA63B8EF8 = {
			isa = PBXGroup;
			children = (
				5C77778F374F2AB014CC86A6 /* Resources */,
				5DB78BAF8C0E10CEE5DAC5EF /* Shared */,
				9EF8CD36A4289E750F204949 /* Sources */,
				563D49CE3D010E2BB9D5175D /* WatchResources */,
				9CAA0068430696C21055EFA4 /* WatchSources */,
				E34585F544ECF08A17E24362 /* WidgetSources */,
				2DB226F91B19526889555A02 /* Products */,
			);
			sourceTree = "<group>";
		};
		E34585F544ECF08A17E24362 /* WidgetSources */ = {
			isa = PBXGroup;
			children = (
				806D2DB74D028ADCE1420F2D /* GemmaVoiceHomeWidget.swift */,
				A57ED71D5A6411BDF3D73C5C /* GemmaVoiceLiveActivity.swift */,
				BB9939742B7E0E11699FD6EA /* GemmaVoiceWidgetsBundle.swift */,
			);
			path = WidgetSources;
			sourceTree = "<group>";
		};
/* End PBXGroup section */

/* Begin PBXNativeTarget section */
		5AA9CC359DE89F301BBE247C /* GemmaVoiceWidgets */ = {
			isa = PBXNativeTarget;
			buildConfigurationList = DDD7D329796433BB700DB94E /* Build configuration list for PBXNativeTarget "GemmaVoiceWidgets" */;
			buildPhases = (
				9404CA220704AE01E072342D /* Sources */,
			);
			buildRules = (
			);
			dependencies = (
			);
			name = GemmaVoiceWidgets;
			packageProductDependencies = (
			);
			productName = GemmaVoiceWidgets;
			productReference = 459DFF39F43E10B8033E48FA /* GemmaVoiceWidgets.appex */;
			productType = "com.apple.product-type.app-extension";
		};
		7F5DEEF8BEC53150C4373C97 /* GemmaVoiceWatch */ = {
			isa = PBXNativeTarget;
			buildConfigurationList = D54A0192BA277EB785EE8F1B /* Build configuration list for PBXNativeTarget "GemmaVoiceWatch" */;
			buildPhases = (
				C33241E5004443A378E78DAB /* Sources */,
				045B3A28D9826AF7C49E5000 /* Resources */,
			);
			buildRules = (
			);
			dependencies = (
			);
			name = GemmaVoiceWatch;
			packageProductDependencies = (
			);
			productName = GemmaVoiceWatch;
			productReference = F25A001141242FB0C17544B8 /* GemmaVoiceWatch.app */;
			productType = "com.apple.product-type.application";
		};
		A2EDDF74F356B2BF332D6298 /* GemmaVoice */ = {
			isa = PBXNativeTarget;
			buildConfigurationList = A0690B943C2C30187F37AC65 /* Build configuration list for PBXNativeTarget "GemmaVoice" */;
			buildPhases = (
				C929182F19CA8639F7375CF2 /* Sources */,
				8617C219A9E59E7EB35405A4 /* Resources */,
				F527BCCEA2ACE835D5DF1B00 /* Embed Foundation Extensions */,
				D1904BE7D6B5512A7F5CC7BF /* Embed Watch Content */,
			);
			buildRules = (
			);
			dependencies = (
				BD71D6F8D20AF324EA4A380D /* PBXTargetDependency */,
				B566DFE43CE146C63C38ADF3 /* PBXTargetDependency */,
			);
			name = GemmaVoice;
			packageProductDependencies = (
			);
			productName = GemmaVoice;
			productReference = F707268D485775D2009EB7CA /* GemmaVoice.app */;
			productType = "com.apple.product-type.application";
		};
/* End PBXNativeTarget section */

/* Begin PBXProject section */
		EFABA9F04325B6F927BD5C02 /* Project object */ = {
			isa = PBXProject;
			attributes = {
				BuildIndependentTargetsInParallel = YES;
				LastUpgradeCheck = 1430;
				TargetAttributes = {
					5AA9CC359DE89F301BBE247C = {
						DevelopmentTeam = JKCNSW94H7;
						ProvisioningStyle = Automatic;
					};
					7F5DEEF8BEC53150C4373C97 = {
						DevelopmentTeam = JKCNSW94H7;
						ProvisioningStyle = Automatic;
					};
					A2EDDF74F356B2BF332D6298 = {
						DevelopmentTeam = JKCNSW94H7;
						ProvisioningStyle = Automatic;
					};
				};
			};
			buildConfigurationList = 696F262CC0DF1335D9D1819E /* Build configuration list for PBXProject "GemmaVoice" */;
			developmentRegion = en;
			hasScannedForEncodings = 0;
			knownRegions = (
				Base,
				en,
			);
			mainGroup = DA048AB430A422FCA63B8EF8;
			minimizedProjectReferenceProxies = 1;
			preferredProjectObjectVersion = 77;
			productRefGroup = 2DB226F91B19526889555A02 /* Products */;
			projectDirPath = "";
			projectRoot = "";
			targets = (
				A2EDDF74F356B2BF332D6298 /* GemmaVoice */,
				7F5DEEF8BEC53150C4373C97 /* GemmaVoiceWatch */,
				5AA9CC359DE89F301BBE247C /* GemmaVoiceWidgets */,
			);
		};
/* End PBXProject section */

/* Begin PBXResourcesBuildPhase section */
		045B3A28D9826AF7C49E5000 /* Resources */ = {
			isa = PBXResourcesBuildPhase;
			buildActionMask = 2147483647;
			files = (
				269453F879A2BD7EECE5774D /* Assets.xcassets in Resources */,
			);
			runOnlyForDeploymentPostprocessing = 0;
		};
		8617C219A9E59E7EB35405A4 /* Resources */ = {
			isa = PBXResourcesBuildPhase;
			buildActionMask = 2147483647;
			files = (
				4EFA05BDBF9FBEBBA99E009D /* Assets.xcassets in Resources */,
			);
			runOnlyForDeploymentPostprocessing = 0;
		};
/* End PBXResourcesBuildPhase section */

/* Begin PBXSourcesBuildPhase section */
		9404CA220704AE01E072342D /* Sources */ = {
			isa = PBXSourcesBuildPhase;
			buildActionMask = 2147483647;
			files = (
				928E41E534985983C54F5B6B /* GemmaVoiceHomeWidget.swift in Sources */,
				4454328DB8B78B9CB6C62396 /* GemmaVoiceLiveActivity.swift in Sources */,
				FF52A95141050C0FFD6F1807 /* GemmaVoiceWidgetsBundle.swift in Sources */,
				4CD2F32CD51A0ED3C2E62066 /* LiveActivityAttributes.swift in Sources */,
				44A6E9C8A603D472F8E1745A /* ServerConfig.swift in Sources */,
			);
			runOnlyForDeploymentPostprocessing = 0;
		};
		C33241E5004443A378E78DAB /* Sources */ = {
			isa = PBXSourcesBuildPhase;
			buildActionMask = 2147483647;
			files = (
				C35CD8B40BA1A403806242BD /* GemmaVoiceWatchApp.swift in Sources */,
				F5A8421F824DD9A7DEE7A979 /* WatchContentView.swift in Sources */,
				FD0C8BE63EAC45BB4F97D5BF /* WatchTranscriptModel.swift in Sources */,
			);
			runOnlyForDeploymentPostprocessing = 0;
		};
		C929182F19CA8639F7375CF2 /* Sources */ = {
			isa = PBXSourcesBuildPhase;
			buildActionMask = 2147483647;
			files = (
				9295BE1D0CBC106F079C7CB3 /* APIClient.swift in Sources */,
				3F06632F0672B53B15C1588F /* Agent.swift in Sources */,
				1F9CE56357F6520B8C9A3C3A /* AudioPlayer.swift in Sources */,
				7780E917775B1C3E34F37FC9 /* AudioRecorder.swift in Sources */,
				2EAD18E84643F22940A548D8 /* Changelog.swift in Sources */,
				9F5D5B4CBE1CF15C8E815F26 /* ContentView.swift in Sources */,
				9D799BBE36E435F0DA767178 /* EarbackTone.swift in Sources */,
				907B993DE19F14DCB2C24206 /* GemmaVoiceApp.swift in Sources */,
				77476F08A8DD63FD10F0B5D9 /* LedgerTurn.swift in Sources */,
				FBCD1AF2A6AC772DF3478310 /* LiveActivityAttributes.swift in Sources */,
				9FB87E78A770C323525A3791 /* LiveActivityController.swift in Sources */,
				97B664A0E52C03D886A2C072 /* MuteSelfTest.swift in Sources */,
				8B31CF5E9C43868068B4F17E /* OnDeviceConversationSession.swift in Sources */,
				6619B870724825B2BE6E06D2 /* OnDeviceSTT.swift in Sources */,
				89C8CBA8336B350AB6711AE7 /* PendingTurnStore.swift in Sources */,
				C19AF2182638FD7DE842A2DA /* ServerConfig.swift in Sources */,
				DE69138449588901BE8F516B /* SettingsView.swift in Sources */,
				A28361FA8A4A85424F567949 /* SpeakerSelfTest.swift in Sources */,
				CD71851F1C4E9AF485D0CEBF /* StreamingSession.swift in Sources */,
				0FAE1BADB6DD3097BE0CE9FA /* StreamingViewModel.swift in Sources */,
				4E9D736F4595A170AB456FBF /* TalkToGemmaIntent.swift in Sources */,
				61FF0FB62CB37DCFBB3725B3 /* TextTurnClient.swift in Sources */,
				D9890576BB70C610741C9CCD /* TranscriptPostProcessor.swift in Sources */,
				5450EBAEE3F002364577D99C /* TurnCardView.swift in Sources */,
				EE275C7947985C52B4CD46BB /* ViewModel.swift in Sources */,
				78C912E5646CD8EB9EA2981F /* VoiceAuthSecret.swift in Sources */,
				B93B97F7721D991AB90B0507 /* VoiceAuthSetupView.swift in Sources */,
				28E59ABE6DFB294C1EC2324D /* VoiceEnrollClient.swift in Sources */,
				09643E533C6B5239D1486ED1 /* VoiceEnrollmentView.swift in Sources */,
				D15036A95171665D0E3914E1 /* WatchBridge.swift in Sources */,
			);
			runOnlyForDeploymentPostprocessing = 0;
		};
/* End PBXSourcesBuildPhase section */

/* Begin PBXTargetDependency section */
		B566DFE43CE146C63C38ADF3 /* PBXTargetDependency */ = {
			isa = PBXTargetDependency;
			target = 5AA9CC359DE89F301BBE247C /* GemmaVoiceWidgets */;
			targetProxy = 0C425769742B2C30668F5977 /* PBXContainerItemProxy */;
		};
		BD71D6F8D20AF324EA4A380D /* PBXTargetDependency */ = {
			isa = PBXTargetDependency;
			target = 7F5DEEF8BEC53150C4373C97 /* GemmaVoiceWatch */;
			targetProxy = 8006B6BAE943A26C1B06E2D4 /* PBXContainerItemProxy */;
		};
/* End PBXTargetDependency section */

/* Begin XCBuildConfiguration section */
		4A723EB215AD1CB7A0D2765C /* Debug */ = {
			isa = XCBuildConfiguration;
			buildSettings = {
				ASSETCATALOG_COMPILER_APPICON_NAME = AppIcon;
				CODE_SIGN_IDENTITY = "iPhone Developer";
				DEVELOPMENT_TEAM = JKCNSW94H7;
				ENABLE_PREVIEWS = YES;
				GENERATE_INFOPLIST_FILE = NO;
				INFOPLIST_FILE = Resources/Info.plist;
				IPHONEOS_DEPLOYMENT_TARGET = 17.0;
				LD_RUNPATH_SEARCH_PATHS = (
					"$(inherited)",
					"@executable_path/Frameworks",
				);
				PRODUCT_BUNDLE_IDENTIFIER = com.shermanbrown.gemmavoice;
				SDKROOT = iphoneos;
				TARGETED_DEVICE_FAMILY = 1;
			};
			name = Debug;
		};
		6060F8B69797E666761F5C18 /* Debug */ = {
			isa = XCBuildConfiguration;
			buildSettings = {
				ALWAYS_SEARCH_USER_PATHS = NO;
				CLANG_ANALYZER_NONNULL = YES;
				CLANG_ANALYZER_NUMBER_OBJECT_CONVERSION = YES_AGGRESSIVE;
				CLANG_CXX_LANGUAGE_STANDARD = "gnu++14";
				CLANG_CXX_LIBRARY = "libc++";
				CLANG_ENABLE_MODULES = YES;
				CLANG_ENABLE_OBJC_ARC = YES;
				CLANG_ENABLE_OBJC_WEAK = YES;
				CLANG_WARN_BLOCK_CAPTURE_AUTORELEASING = YES;
				CLANG_WARN_BOOL_CONVERSION = YES;
				CLANG_WARN_COMMA = YES;
				CLANG_WARN_CONSTANT_CONVERSION = YES;
				CLANG_WARN_DEPRECATED_OBJC_IMPLEMENTATIONS = YES;
				CLANG_WARN_DIRECT_OBJC_ISA_USAGE = YES_ERROR;
				CLANG_WARN_DOCUMENTATION_COMMENTS = YES;
				CLANG_WARN_EMPTY_BODY = YES;
				CLANG_WARN_ENUM_CONVERSION = YES;
				CLANG_WARN_INFINITE_RECURSION = YES;
				CLANG_WARN_INT_CONVERSION = YES;
				CLANG_WARN_NON_LITERAL_NULL_CONVERSION = YES;
				CLANG_WARN_OBJC_IMPLICIT_RETAIN_SELF = YES;
				CLANG_WARN_OBJC_LITERAL_CONVERSION = YES;
				CLANG_WARN_OBJC_ROOT_CLASS = YES_ERROR;
				CLANG_WARN_QUOTED_INCLUDE_IN_FRAMEWORK_HEADER = YES;
				CLANG_WARN_RANGE_LOOP_ANALYSIS = YES;
				CLANG_WARN_STRICT_PROTOTYPES = YES;
				CLANG_WARN_SUSPICIOUS_MOVE = YES;
				CLANG_WARN_UNGUARDED_AVAILABILITY = YES_AGGRESSIVE;
				CLANG_WARN_UNREACHABLE_CODE = YES;
				CLANG_WARN__DUPLICATE_METHOD_MATCH = YES;
				CODE_SIGN_STYLE = Automatic;
				COPY_PHASE_STRIP = NO;
				DEBUG_INFORMATION_FORMAT = dwarf;
				DEVELOPMENT_TEAM = JKCNSW94H7;
				ENABLE_STRICT_OBJC_MSGSEND = YES;
				ENABLE_TESTABILITY = YES;
				GCC_C_LANGUAGE_STANDARD = gnu11;
				GCC_DYNAMIC_NO_PIC = NO;
				GCC_NO_COMMON_BLOCKS = YES;
				GCC_OPTIMIZATION_LEVEL = 0;
				GCC_PREPROCESSOR_DEFINITIONS = (
					"$(inherited)",
					"DEBUG=1",
				);
				GCC_WARN_64_TO_32_BIT_CONVERSION = YES;
				GCC_WARN_ABOUT_RETURN_TYPE = YES_ERROR;
				GCC_WARN_UNDECLARED_SELECTOR = YES;
				GCC_WARN_UNINITIALIZED_AUTOS = YES_AGGRESSIVE;
				GCC_WARN_UNUSED_FUNCTION = YES;
				GCC_WARN_UNUSED_VARIABLE = YES;
				IPHONEOS_DEPLOYMENT_TARGET = 17.0;
				MTL_ENABLE_DEBUG_INFO = INCLUDE_SOURCE;
				MTL_FAST_MATH = YES;
				ONLY_ACTIVE_ARCH = YES;
				PRODUCT_NAME = "$(TARGET_NAME)";
				SWIFT_ACTIVE_COMPILATION_CONDITIONS = DEBUG;
				SWIFT_OPTIMIZATION_LEVEL = "-Onone";
				SWIFT_VERSION = 5.0;
			};
			name = Debug;
		};
		79E73AE5BDA0EDDD9E6F3292 /* Debug */ = {
			isa = XCBuildConfiguration;
			buildSettings = {
				ASSETCATALOG_COMPILER_APPICON_NAME = AppIcon;
				DEVELOPMENT_TEAM = JKCNSW94H7;
				ENABLE_PREVIEWS = YES;
				GENERATE_INFOPLIST_FILE = NO;
				INFOPLIST_FILE = WatchResources/Info.plist;
				PRODUCT_BUNDLE_IDENTIFIER = com.shermanbrown.gemmavoice.watchkitapp;
				SDKROOT = watchos;
				SKIP_INSTALL = YES;
				SUPPORTS_MACCATALYST = NO;
				TARGETED_DEVICE_FAMILY = 4;
				WATCHOS_DEPLOYMENT_TARGET = 10.0;
			};
			name = Debug;
		};
		CDCC65DAB4C457143904AB17 /* Release */ = {
			isa = XCBuildConfiguration;
			buildSettings = {
				ALWAYS_SEARCH_USER_PATHS = NO;
				CLANG_ANALYZER_NONNULL = YES;
				CLANG_ANALYZER_NUMBER_OBJECT_CONVERSION = YES_AGGRESSIVE;
				CLANG_CXX_LANGUAGE_STANDARD = "gnu++14";
				CLANG_CXX_LIBRARY = "libc++";
				CLANG_ENABLE_MODULES = YES;
				CLANG_ENABLE_OBJC_ARC = YES;
				CLANG_ENABLE_OBJC_WEAK = YES;
				CLANG_WARN_BLOCK_CAPTURE_AUTORELEASING = YES;
				CLANG_WARN_BOOL_CONVERSION = YES;
				CLANG_WARN_COMMA = YES;
				CLANG_WARN_CONSTANT_CONVERSION = YES;
				CLANG_WARN_DEPRECATED_OBJC_IMPLEMENTATIONS = YES;
				CLANG_WARN_DIRECT_OBJC_ISA_USAGE = YES_ERROR;
				CLANG_WARN_DOCUMENTATION_COMMENTS = YES;
				CLANG_WARN_EMPTY_BODY = YES;
				CLANG_WARN_ENUM_CONVERSION = YES;
				CLANG_WARN_INFINITE_RECURSION = YES;
				CLANG_WARN_INT_CONVERSION = YES;
				CLANG_WARN_NON_LITERAL_NULL_CONVERSION = YES;
				CLANG_WARN_OBJC_IMPLICIT_RETAIN_SELF = YES;
				CLANG_WARN_OBJC_LITERAL_CONVERSION = YES;
				CLANG_WARN_OBJC_ROOT_CLASS = YES_ERROR;
				CLANG_WARN_QUOTED_INCLUDE_IN_FRAMEWORK_HEADER = YES;
				CLANG_WARN_RANGE_LOOP_ANALYSIS = YES;
				CLANG_WARN_STRICT_PROTOTYPES = YES;
				CLANG_WARN_SUSPICIOUS_MOVE = YES;
				CLANG_WARN_UNGUARDED_AVAILABILITY = YES_AGGRESSIVE;
				CLANG_WARN_UNREACHABLE_CODE = YES;
				CLANG_WARN__DUPLICATE_METHOD_MATCH = YES;
				CODE_SIGN_STYLE = Automatic;
				COPY_PHASE_STRIP = NO;
				DEBUG_INFORMATION_FORMAT = "dwarf-with-dsym";
				DEVELOPMENT_TEAM = JKCNSW94H7;
				ENABLE_NS_ASSERTIONS = NO;
				ENABLE_STRICT_OBJC_MSGSEND = YES;
				GCC_C_LANGUAGE_STANDARD = gnu11;
				GCC_NO_COMMON_BLOCKS = YES;
				GCC_WARN_64_TO_32_BIT_CONVERSION = YES;
				GCC_WARN_ABOUT_RETURN_TYPE = YES_ERROR;
				GCC_WARN_UNDECLARED_SELECTOR = YES;
				GCC_WARN_UNINITIALIZED_AUTOS = YES_AGGRESSIVE;
				GCC_WARN_UNUSED_FUNCTION = YES;
				GCC_WARN_UNUSED_VARIABLE = YES;
				IPHONEOS_DEPLOYMENT_TARGET = 17.0;
				MTL_ENABLE_DEBUG_INFO = NO;
				MTL_FAST_MATH = YES;
				PRODUCT_NAME = "$(TARGET_NAME)";
				SWIFT_COMPILATION_MODE = wholemodule;
				SWIFT_OPTIMIZATION_LEVEL = "-O";
				SWIFT_VERSION = 5.0;
			};
			name = Release;
		};
		D17EF83965FA944A87775CDB /* Release */ = {
			isa = XCBuildConfiguration;
			buildSettings = {
				ASSETCATALOG_COMPILER_APPICON_NAME = AppIcon;
				CODE_SIGN_IDENTITY = "iPhone Developer";
				DEVELOPMENT_TEAM = JKCNSW94H7;
				ENABLE_PREVIEWS = YES;
				GENERATE_INFOPLIST_FILE = NO;
				INFOPLIST_FILE = Resources/Info.plist;
				IPHONEOS_DEPLOYMENT_TARGET = 17.0;
				LD_RUNPATH_SEARCH_PATHS = (
					"$(inherited)",
					"@executable_path/Frameworks",
				);
				PRODUCT_BUNDLE_IDENTIFIER = com.shermanbrown.gemmavoice;
				SDKROOT = iphoneos;
				TARGETED_DEVICE_FAMILY = 1;
			};
			name = Release;
		};
		E8EF41AC85BDDDEABEA7C081 /* Release */ = {
			isa = XCBuildConfiguration;
			buildSettings = {
				ASSETCATALOG_COMPILER_APPICON_NAME = AppIcon;
				DEVELOPMENT_TEAM = JKCNSW94H7;
				ENABLE_PREVIEWS = YES;
				GENERATE_INFOPLIST_FILE = NO;
				INFOPLIST_FILE = WatchResources/Info.plist;
				PRODUCT_BUNDLE_IDENTIFIER = com.shermanbrown.gemmavoice.watchkitapp;
				SDKROOT = watchos;
				SKIP_INSTALL = YES;
				SUPPORTS_MACCATALYST = NO;
				TARGETED_DEVICE_FAMILY = 4;
				WATCHOS_DEPLOYMENT_TARGET = 10.0;
			};
			name = Release;
		};
		F44A2A90B537E0078CA41ABA /* Debug */ = {
			isa = XCBuildConfiguration;
			buildSettings = {
				CODE_SIGN_STYLE = Automatic;
				DEVELOPMENT_TEAM = JKCNSW94H7;
				GENERATE_INFOPLIST_FILE = NO;
				INFOPLIST_FILE = WidgetResources/Info.plist;
				IPHONEOS_DEPLOYMENT_TARGET = 16.2;
				LD_RUNPATH_SEARCH_PATHS = (
					"$(inherited)",
					"@executable_path/Frameworks",
					"@executable_path/../../Frameworks",
				);
				PRODUCT_BUNDLE_IDENTIFIER = com.shermanbrown.gemmavoice.widgets;
				SDKROOT = iphoneos;
				SKIP_INSTALL = YES;
				TARGETED_DEVICE_FAMILY = 1;
			};
			name = Debug;
		};
		FE23B19772B77F0066A32CAF /* Release */ = {
			isa = XCBuildConfiguration;
			buildSettings = {
				CODE_SIGN_STYLE = Automatic;
				DEVELOPMENT_TEAM = JKCNSW94H7;
				GENERATE_INFOPLIST_FILE = NO;
				INFOPLIST_FILE = WidgetResources/Info.plist;
				IPHONEOS_DEPLOYMENT_TARGET = 16.2;
				LD_RUNPATH_SEARCH_PATHS = (
					"$(inherited)",
					"@executable_path/Frameworks",
					"@executable_path/../../Frameworks",
				);
				PRODUCT_BUNDLE_IDENTIFIER = com.shermanbrown.gemmavoice.widgets;
				SDKROOT = iphoneos;
				SKIP_INSTALL = YES;
				TARGETED_DEVICE_FAMILY = 1;
			};
			name = Release;
		};
/* End XCBuildConfiguration section */

/* Begin XCConfigurationList section */
		696F262CC0DF1335D9D1819E /* Build configuration list for PBXProject "GemmaVoice" */ = {
			isa = XCConfigurationList;
			buildConfigurations = (
				6060F8B69797E666761F5C18 /* Debug */,
				CDCC65DAB4C457143904AB17 /* Release */,
			);
			defaultConfigurationIsVisible = 0;
			defaultConfigurationName = Debug;
		};
		A0690B943C2C30187F37AC65 /* Build configuration list for PBXNativeTarget "GemmaVoice" */ = {
			isa = XCConfigurationList;
			buildConfigurations = (
				4A723EB215AD1CB7A0D2765C /* Debug */,
				D17EF83965FA944A87775CDB /* Release */,
			);
			defaultConfigurationIsVisible = 0;
			defaultConfigurationName = Debug;
		};
		D54A0192BA277EB785EE8F1B /* Build configuration list for PBXNativeTarget "GemmaVoiceWatch" */ = {
			isa = XCConfigurationList;
			buildConfigurations = (
				79E73AE5BDA0EDDD9E6F3292 /* Debug */,
				E8EF41AC85BDDDEABEA7C081 /* Release */,
			);
			defaultConfigurationIsVisible = 0;
			defaultConfigurationName = Debug;
		};
		DDD7D329796433BB700DB94E /* Build configuration list for PBXNativeTarget "GemmaVoiceWidgets" */ = {
			isa = XCConfigurationList;
			buildConfigurations = (
				F44A2A90B537E0078CA41ABA /* Debug */,
				FE23B19772B77F0066A32CAF /* Release */,
			);
			defaultConfigurationIsVisible = 0;
			defaultConfigurationName = Debug;
		};
/* End XCConfigurationList section */
	};
	rootObject = EFABA9F04325B6F927BD5C02 /* Project object */;
}
